
Microsoft Visual Studio Solution File, Format Version 12.00
# Visual Studio Version 16
VisualStudioVersion = 16.0.31624.102
MinimumVisualStudioVersion = 10.0.40219.1
Project("{F184B08F-C81C-45F6-A57F-5ABD9991F28F}") = "JPsApplication", "JPsApplication.vbproj", "{475D6780-528C-4401-9B89-8C8CAC7FC118}"
EndProject
Global
	GlobalSection(SolutionConfigurationPlatforms) = preSolution
		Debug|Any CPU = Debug|Any CPU
		Release|Any CPU = Release|Any CPU
	EndGlobalSection
	GlobalSection(ProjectConfigurationPlatforms) = postSolution
		{475D6780-528C-4401-9B89-8C8CAC7FC118}.Debug|Any CPU.ActiveCfg = Debug|Any CPU
		{475D6780-528C-4401-9B89-8C8CAC7FC118}.Debug|Any CPU.Build.0 = Debug|Any CPU
		{475D6780-528C-4401-9B89-8C8CAC7FC118}.Release|Any CPU.ActiveCfg = Release|Any CPU
		{475D6780-528C-4401-9B89-8C8CAC7FC118}.Release|Any CPU.Build.0 = Release|Any CPU
	EndGlobalSection
	GlobalSection(SolutionProperties) = preSolution
		HideSolutionNode = FALSE
	EndGlobalSection
	GlobalSection(ExtensibilityGlobals) = postSolution
		SolutionGuid = {0F897572-DC93-4FD5-8840-9C9D346E15CB}
	EndGlobalSection
EndGlobal
